
Microsoft Visual Studio Solution File, Format Version 12.00
# Visual Studio Version 16
VisualStudioVersion = 16.0.28803.352
MinimumVisualStudioVersion = 10.0.40219.1
Project("{9A19103F-16F7-4668-BE54-9A1E7A4F7556}") = "microwf.Core", "src\microwf.Core\microwf.Core.csproj", "{D1FC2A68-77CD-4898-95AE-286AD4D44913}"
EndProject
Project("{9A19103F-16F7-4668-BE54-9A1E7A4F7556}") = "microwf.AspNetCoreEngine", "src\microwf.AspNetCoreEngine\microwf.AspNetCoreEngine.csproj", "{C2BD3303-7BF6-4C8F-95B8-88D4890B7603}"
EndProject
Project("{9A19103F-16F7-4668-BE54-9A1E7A4F7556}") = "WebApi", "samples\WebApi\WebApi.csproj", "{DFF441D4-2EAB-47E1-8DF0-0DC2BECE05AB}"
EndProject
Project("{9A19103F-16F7-4668-BE54-9A1E7A4F7556}") = "ConsoleClient", "samples\ConsoleClient\ConsoleClient.csproj", "{362BB25A-E54E-484A-8A66-99F6BE0AC4F0}"
EndProject
Project("{2150E333-8FDC-42A3-9474-1A3956D46DE8}") = "samples", "samples", "{09798C40-0E34-46B7-A2BA-DFFB0CCCC1EE}"
EndProject
Project("{2150E333-8FDC-42A3-9474-1A3956D46DE8}") = "src", "src", "{C92AFF28-C04F-407F-AE9B-6B8BF2321485}"
EndProject
Project("{9A19103F-16F7-4668-BE54-9A1E7A4F7556}") = "microwf.Domain", "src\microwf.Domain\microwf.Domain.csproj", "{79651F6F-8F62-43DC-9085-7FF302F75662}"
EndProject
Project("{9A19103F-16F7-4668-BE54-9A1E7A4F7556}") = "microwf.Infrastructure", "src\microwf.Infrastructure\microwf.Infrastructure.csproj", "{93D8AB05-A880-4ED1-8901-0935023579CF}"
EndProject
Project("{9A19103F-16F7-4668-BE54-9A1E7A4F7556}") = "STS", "samples\STS\STS.csproj", "{722711D9-9BAD-4D02-8578-678B32104C83}"
EndProject
Project("{2150E333-8FDC-42A3-9474-1A3956D46DE8}") = "tests", "tests", "{D9E6D10D-AC8C-48A2-B1C6-F20BD81F69E8}"
EndProject
Project("{9A19103F-16F7-4668-BE54-9A1E7A4F7556}") = "microwf.UnitTests", "tests\unit\microwf.UnitTests.csproj", "{DDBC7A58-B8E4-49F9-928B-75A6F691320F}"
EndProject
Project("{FAE04EC0-301F-11D3-BF4B-00C04F79EFBC}") = "microwf.IntegrationTests", "tests\integration\microwf.IntegrationTests.csproj", "{1DC44DEC-172D-436B-B646-EF6ACE5F9D2A}"
EndProject
Project("{FAE04EC0-301F-11D3-BF4B-00C04F79EFBC}") = "microwf.TestsCommon", "tests\common\microwf.TestsCommon.csproj", "{80EAF8B4-6C2A-423C-AC05-065CCF181F47}"
EndProject
Global
	GlobalSection(SolutionConfigurationPlatforms) = preSolution
		Debug|Any CPU = Debug|Any CPU
		Release|Any CPU = Release|Any CPU
	EndGlobalSection
	GlobalSection(ProjectConfigurationPlatforms) = postSolution
		{D1FC2A68-77CD-4898-95AE-286AD4D44913}.Debug|Any CPU.ActiveCfg = Debug|Any CPU
		{D1FC2A68-77CD-4898-95AE-286AD4D44913}.Debug|Any CPU.Build.0 = Debug|Any CPU
		{D1FC2A68-77CD-4898-95AE-286AD4D44913}.Release|Any CPU.ActiveCfg = Release|Any CPU
		{D1FC2A68-77CD-4898-95AE-286AD4D44913}.Release|Any CPU.Build.0 = Release|Any CPU
		{C2BD3303-7BF6-4C8F-95B8-88D4890B7603}.Debug|Any CPU.ActiveCfg = Debug|Any CPU
		{C2BD3303-7BF6-4C8F-95B8-88D4890B7603}.Debug|Any CPU.Build.0 = Debug|Any CPU
		{C2BD3303-7BF6-4C8F-95B8-88D4890B7603}.Release|Any CPU.ActiveCfg = Release|Any CPU
		{C2BD3303-7BF6-4C8F-95B8-88D4890B7603}.Release|Any CPU.Build.0 = Release|Any CPU
		{DFF441D4-2EAB-47E1-8DF0-0DC2BECE05AB}.Debug|Any CPU.ActiveCfg = Debug|Any CPU
		{DFF441D4-2EAB-47E1-8DF0-0DC2BECE05AB}.Debug|Any CPU.Build.0 = Debug|Any CPU
		{DFF441D4-2EAB-47E1-8DF0-0DC2BECE05AB}.Release|Any CPU.ActiveCfg = Release|Any CPU
		{DFF441D4-2EAB-47E1-8DF0-0DC2BECE05AB}.Release|Any CPU.Build.0 = Release|Any CPU
		{362BB25A-E54E-484A-8A66-99F6BE0AC4F0}.Debug|Any CPU.ActiveCfg = Debug|Any CPU
		{362BB25A-E54E-484A-8A66-99F6BE0AC4F0}.Debug|Any CPU.Build.0 = Debug|Any CPU
		{362BB25A-E54E-484A-8A66-99F6BE0AC4F0}.Release|Any CPU.ActiveCfg = Release|Any CPU
		{362BB25A-E54E-484A-8A66-99F6BE0AC4F0}.Release|Any CPU.Build.0 = Release|Any CPU
		{79651F6F-8F62-43DC-9085-7FF302F75662}.Debug|Any CPU.ActiveCfg = Debug|Any CPU
		{79651F6F-8F62-43DC-9085-7FF302F75662}.Debug|Any CPU.Build.0 = Debug|Any CPU
		{79651F6F-8F62-43DC-9085-7FF302F75662}.Release|Any CPU.ActiveCfg = Release|Any CPU
		{79651F6F-8F62-43DC-9085-7FF302F75662}.Release|Any CPU.Build.0 = Release|Any CPU
		{93D8AB05-A880-4ED1-8901-0935023579CF}.Debug|Any CPU.ActiveCfg = Debug|Any CPU
		{93D8AB05-A880-4ED1-8901-0935023579CF}.Debug|Any CPU.Build.0 = Debug|Any CPU
		{93D8AB05-A880-4ED1-8901-0935023579CF}.Release|Any CPU.ActiveCfg = Release|Any CPU
		{93D8AB05-A880-4ED1-8901-0935023579CF}.Release|Any CPU.Build.0 = Release|Any CPU
		{722711D9-9BAD-4D02-8578-678B32104C83}.Debug|Any CPU.ActiveCfg = Debug|Any CPU
		{722711D9-9BAD-4D02-8578-678B32104C83}.Debug|Any CPU.Build.0 = Debug|Any CPU
		{722711D9-9BAD-4D02-8578-678B32104C83}.Release|Any CPU.ActiveCfg = Release|Any CPU
		{722711D9-9BAD-4D02-8578-678B32104C83}.Release|Any CPU.Build.0 = Release|Any CPU
		{DDBC7A58-B8E4-49F9-928B-75A6F691320F}.Debug|Any CPU.ActiveCfg = Debug|Any CPU
		{DDBC7A58-B8E4-49F9-928B-75A6F691320F}.Debug|Any CPU.Build.0 = Debug|Any CPU
		{DDBC7A58-B8E4-49F9-928B-75A6F691320F}.Release|Any CPU.ActiveCfg = Release|Any CPU
		{DDBC7A58-B8E4-49F9-928B-75A6F691320F}.Release|Any CPU.Build.0 = Release|Any CPU
		{1DC44DEC-172D-436B-B646-EF6ACE5F9D2A}.Debug|Any CPU.ActiveCfg = Debug|Any CPU
		{1DC44DEC-172D-436B-B646-EF6ACE5F9D2A}.Debug|Any CPU.Build.0 = Debug|Any CPU
		{1DC44DEC-172D-436B-B646-EF6ACE5F9D2A}.Release|Any CPU.ActiveCfg = Release|Any CPU
		{1DC44DEC-172D-436B-B646-EF6ACE5F9D2A}.Release|Any CPU.Build.0 = Release|Any CPU
		{80EAF8B4-6C2A-423C-AC05-065CCF181F47}.Debug|Any CPU.ActiveCfg = Debug|Any CPU
		{80EAF8B4-6C2A-423C-AC05-065CCF181F47}.Debug|Any CPU.Build.0 = Debug|Any CPU
		{80EAF8B4-6C2A-423C-AC05-065CCF181F47}.Release|Any CPU.ActiveCfg = Release|Any CPU
		{80EAF8B4-6C2A-423C-AC05-065CCF181F47}.Release|Any CPU.Build.0 = Release|Any CPU
	EndGlobalSection
	GlobalSection(SolutionProperties) = preSolution
		HideSolutionNode = FALSE
	EndGlobalSection
	GlobalSection(NestedProjects) = preSolution
		{D1FC2A68-77CD-4898-95AE-286AD4D44913} = {C92AFF28-C04F-407F-AE9B-6B8BF2321485}
		{C2BD3303-7BF6-4C8F-95B8-88D4890B7603} = {C92AFF28-C04F-407F-AE9B-6B8BF2321485}
		{DFF441D4-2EAB-47E1-8DF0-0DC2BECE05AB} = {09798C40-0E34-46B7-A2BA-DFFB0CCCC1EE}
		{362BB25A-E54E-484A-8A66-99F6BE0AC4F0} = {09798C40-0E34-46B7-A2BA-DFFB0CCCC1EE}
		{79651F6F-8F62-43DC-9085-7FF302F75662} = {C92AFF28-C04F-407F-AE9B-6B8BF2321485}
		{93D8AB05-A880-4ED1-8901-0935023579CF} = {C92AFF28-C04F-407F-AE9B-6B8BF2321485}
		{722711D9-9BAD-4D02-8578-678B32104C83} = {09798C40-0E34-46B7-A2BA-DFFB0CCCC1EE}
		{DDBC7A58-B8E4-49F9-928B-75A6F691320F} = {D9E6D10D-AC8C-48A2-B1C6-F20BD81F69E8}
		{1DC44DEC-172D-436B-B646-EF6ACE5F9D2A} = {D9E6D10D-AC8C-48A2-B1C6-F20BD81F69E8}
		{80EAF8B4-6C2A-423C-AC05-065CCF181F47} = {D9E6D10D-AC8C-48A2-B1C6-F20BD81F69E8}
	EndGlobalSection
	GlobalSection(ExtensibilityGlobals) = postSolution
		SolutionGuid = {5E5EA939-10CC-40AF-82EF-6C990F76C953}
	EndGlobalSection
EndGlobal
