
Microsoft Visual Studio Solution File, Format Version 12.00
# Visual Studio Version 16
VisualStudioVersion = 16.0.28803.352
MinimumVisualStudioVersion = 10.0.40219.1
Project("{9A19103F-16F7-4668-BE54-9A1E7A4F7556}") = "microwf.Core", "src\microwf.Core\microwf.Core.csproj", "{D1FC2A68-77CD-4898-95AE-286AD4D44913}"
EndProject
Project("{9A19103F-16F7-4668-BE54-9A1E7A4F7556}") = "microwf.AspNetCoreEngine", "src\microwf.AspNetCoreEngine\microwf.AspNetCoreEngine.csproj", "{C2BD3303-7BF6-4C8F-95B8-88D4890B7603}"
EndProject
Project("{9A19103F-16F7-4668-BE54-9A1E7A4F7556}") = "WebApi", "samples\WebApi\WebApi.csproj", "{DFF441D4-2EAB-47E1-8DF0-0DC2BECE05AB}"
EndProject
Project("{9A19103F-16F7-4668-BE54-9A1E7A4F7556}") = "ConsoleClient", "samples\ConsoleClient\ConsoleClient.csproj", "{362BB25A-E54E-484A-8A66-99F6BE0AC4F0}"
EndProject
Project("{2150E333-8FDC-42A3-9474-1A3956D46DE8}") = "samples", "samples", "{09798C40-0E34-46B7-A2BA-DFFB0CCCC1EE}"
EndProject
Project("{2150E333-8FDC-42A3-9474-1A3956D46DE8}") = "src", "src", "{C92AFF28-C04F-407F-AE9B-6B8BF2321485}"
EndProject
Project("{9A19103F-16F7-4668-BE54-9A1E7A4F7556}") = "microwf.Domain", "src\microwf.Domain\microwf.Domain.csproj", "{79651F6F-8F62-43DC-9085-7FF302F75662}"
EndProject
Project("{9A19103F-16F7-4668-BE54-9A1E7A4F7556}") = "microwf.Infrastructure", "src\microwf.Infrastructure\microwf.Infrastructure.csproj", "{93D8AB05-A880-4ED1-8901-0935023579CF}"
EndProject
Project("{9A19103F-16F7-4668-BE54-9A1E7A4F7556}") = "microwf.Tests", "tests\microwf.Tests.csproj", "{BD1B50BB-02B0-4D7D-97F7-949DD4E5281D}"
EndProject
Project("{2150E333-8FDC-42A3-9474-1A3956D46DE8}") = "tests", "tests", "{54C725E1-6037-42A6-9E71-6B162ADA1032}"
EndProject
Project("{2150E333-8FDC-42A3-9474-1A3956D46DE8}") = "build", "build", "{D47B6870-CD11-48B5-A99D-B7042CB228A5}"
EndProject
Project("{FAE04EC0-301F-11D3-BF4B-00C04F79EFBC}") = "targets", "build\targets.csproj", "{3E084D02-C713-4C22-AC64-685C59CB329E}"
EndProject
Global
	GlobalSection(SolutionConfigurationPlatforms) = preSolution
		Debug|Any CPU = Debug|Any CPU
		Release|Any CPU = Release|Any CPU
	EndGlobalSection
	GlobalSection(ProjectConfigurationPlatforms) = postSolution
		{D1FC2A68-77CD-4898-95AE-286AD4D44913}.Debug|Any CPU.ActiveCfg = Debug|Any CPU
		{D1FC2A68-77CD-4898-95AE-286AD4D44913}.Debug|Any CPU.Build.0 = Debug|Any CPU
		{D1FC2A68-77CD-4898-95AE-286AD4D44913}.Release|Any CPU.ActiveCfg = Release|Any CPU
		{D1FC2A68-77CD-4898-95AE-286AD4D44913}.Release|Any CPU.Build.0 = Release|Any CPU
		{C2BD3303-7BF6-4C8F-95B8-88D4890B7603}.Debug|Any CPU.ActiveCfg = Debug|Any CPU
		{C2BD3303-7BF6-4C8F-95B8-88D4890B7603}.Debug|Any CPU.Build.0 = Debug|Any CPU
		{C2BD3303-7BF6-4C8F-95B8-88D4890B7603}.Release|Any CPU.ActiveCfg = Release|Any CPU
		{C2BD3303-7BF6-4C8F-95B8-88D4890B7603}.Release|Any CPU.Build.0 = Release|Any CPU
		{DFF441D4-2EAB-47E1-8DF0-0DC2BECE05AB}.Debug|Any CPU.ActiveCfg = Debug|Any CPU
		{DFF441D4-2EAB-47E1-8DF0-0DC2BECE05AB}.Debug|Any CPU.Build.0 = Debug|Any CPU
		{DFF441D4-2EAB-47E1-8DF0-0DC2BECE05AB}.Release|Any CPU.ActiveCfg = Release|Any CPU
		{DFF441D4-2EAB-47E1-8DF0-0DC2BECE05AB}.Release|Any CPU.Build.0 = Release|Any CPU
		{362BB25A-E54E-484A-8A66-99F6BE0AC4F0}.Debug|Any CPU.ActiveCfg = Debug|Any CPU
		{362BB25A-E54E-484A-8A66-99F6BE0AC4F0}.Debug|Any CPU.Build.0 = Debug|Any CPU
		{362BB25A-E54E-484A-8A66-99F6BE0AC4F0}.Release|Any CPU.ActiveCfg = Release|Any CPU
		{362BB25A-E54E-484A-8A66-99F6BE0AC4F0}.Release|Any CPU.Build.0 = Release|Any CPU
		{79651F6F-8F62-43DC-9085-7FF302F75662}.Debug|Any CPU.ActiveCfg = Debug|Any CPU
		{79651F6F-8F62-43DC-9085-7FF302F75662}.Debug|Any CPU.Build.0 = Debug|Any CPU
		{79651F6F-8F62-43DC-9085-7FF302F75662}.Release|Any CPU.ActiveCfg = Release|Any CPU
		{79651F6F-8F62-43DC-9085-7FF302F75662}.Release|Any CPU.Build.0 = Release|Any CPU
		{93D8AB05-A880-4ED1-8901-0935023579CF}.Debug|Any CPU.ActiveCfg = Debug|Any CPU
		{93D8AB05-A880-4ED1-8901-0935023579CF}.Debug|Any CPU.Build.0 = Debug|Any CPU
		{93D8AB05-A880-4ED1-8901-0935023579CF}.Release|Any CPU.ActiveCfg = Release|Any CPU
		{93D8AB05-A880-4ED1-8901-0935023579CF}.Release|Any CPU.Build.0 = Release|Any CPU
		{BD1B50BB-02B0-4D7D-97F7-949DD4E5281D}.Debug|Any CPU.ActiveCfg = Debug|Any CPU
		{BD1B50BB-02B0-4D7D-97F7-949DD4E5281D}.Debug|Any CPU.Build.0 = Debug|Any CPU
		{BD1B50BB-02B0-4D7D-97F7-949DD4E5281D}.Release|Any CPU.ActiveCfg = Release|Any CPU
		{BD1B50BB-02B0-4D7D-97F7-949DD4E5281D}.Release|Any CPU.Build.0 = Release|Any CPU
		{3E084D02-C713-4C22-AC64-685C59CB329E}.Debug|Any CPU.ActiveCfg = Debug|Any CPU
		{3E084D02-C713-4C22-AC64-685C59CB329E}.Debug|Any CPU.Build.0 = Debug|Any CPU
		{3E084D02-C713-4C22-AC64-685C59CB329E}.Release|Any CPU.ActiveCfg = Release|Any CPU
		{3E084D02-C713-4C22-AC64-685C59CB329E}.Release|Any CPU.Build.0 = Release|Any CPU
	EndGlobalSection
	GlobalSection(SolutionProperties) = preSolution
		HideSolutionNode = FALSE
	EndGlobalSection
	GlobalSection(NestedProjects) = preSolution
		{D1FC2A68-77CD-4898-95AE-286AD4D44913} = {C92AFF28-C04F-407F-AE9B-6B8BF2321485}
		{C2BD3303-7BF6-4C8F-95B8-88D4890B7603} = {C92AFF28-C04F-407F-AE9B-6B8BF2321485}
		{DFF441D4-2EAB-47E1-8DF0-0DC2BECE05AB} = {09798C40-0E34-46B7-A2BA-DFFB0CCCC1EE}
		{362BB25A-E54E-484A-8A66-99F6BE0AC4F0} = {09798C40-0E34-46B7-A2BA-DFFB0CCCC1EE}
		{79651F6F-8F62-43DC-9085-7FF302F75662} = {C92AFF28-C04F-407F-AE9B-6B8BF2321485}
		{93D8AB05-A880-4ED1-8901-0935023579CF} = {C92AFF28-C04F-407F-AE9B-6B8BF2321485}
		{BD1B50BB-02B0-4D7D-97F7-949DD4E5281D} = {54C725E1-6037-42A6-9E71-6B162ADA1032}
		{3E084D02-C713-4C22-AC64-685C59CB329E} = {D47B6870-CD11-48B5-A99D-B7042CB228A5}
	EndGlobalSection
	GlobalSection(ExtensibilityGlobals) = postSolution
		SolutionGuid = {5E5EA939-10CC-40AF-82EF-6C990F76C953}
	EndGlobalSection
EndGlobal
